
Microsoft Visual Studio Solution File, Format Version 12.00
# Visual Studio 14
VisualStudioVersion = 14.0.25420.1
MinimumVisualStudioVersion = 10.0.40219.1
Project("{FAE04EC0-301F-11D3-BF4B-00C04F79EFBC}") = "01.CenturiesToMinutes", "01.CenturiesToMinutes\01.CenturiesToMinutes.csproj", "{E5CF31AE-2305-4E54-BC78-CE848C5DB177}"
EndProject
Project("{FAE04EC0-301F-11D3-BF4B-00C04F79EFBC}") = "02.CircleArea", "02.CircleArea\02.CircleArea.csproj", "{9DD209A5-C5F5-44CD-A936-93B133D436B4}"
EndProject
Project("{FAE04EC0-301F-11D3-BF4B-00C04F79EFBC}") = "03.ExactSumOfRealNumbers", "03.ExactSumOfRealNumbers\03.ExactSumOfRealNumbers.csproj", "{EE9D66C9-444D-49B7-B324-712CEFBFDE02}"
EndProject
Project("{FAE04EC0-301F-11D3-BF4B-00C04F79EFBC}") = "04.BlankReceipt", "04.BlankReceipt\04.BlankReceipt.csproj", "{A1277EAC-9C51-41BA-B74B-6B32D9AFEA52}"
EndProject
Project("{FAE04EC0-301F-11D3-BF4B-00C04F79EFBC}") = "05.SignOfIntegerNumber", "05.SignOfIntegerNumber\05.SignOfIntegerNumber.csproj", "{7D1DE8AF-5313-456D-8562-9B360990BC8C}"
EndProject
Project("{FAE04EC0-301F-11D3-BF4B-00C04F79EFBC}") = "06.PrintingTriangle", "06.PrintingTriangle\06.PrintingTriangle.csproj", "{6AFE1B92-F0D3-44D2-818B-AD2585AD339D}"
EndProject
Project("{FAE04EC0-301F-11D3-BF4B-00C04F79EFBC}") = "07.DrawingFIlledSquare", "07.DrawingFIlledSquare\07.DrawingFIlledSquare.csproj", "{6425A8C1-5702-428D-B7B2-42FEBEAA2B5D}"
EndProject
Project("{FAE04EC0-301F-11D3-BF4B-00C04F79EFBC}") = "08.DayOfWeek", "08.DayOfWeek\08.DayOfWeek.csproj", "{D2218017-DBB1-42F7-99E1-01BB7EADA70F}"
EndProject
Project("{FAE04EC0-301F-11D3-BF4B-00C04F79EFBC}") = "09.ReverseArrayOfIntegers", "09.ReverseArrayOfIntegers\09.ReverseArrayOfIntegers.csproj", "{B43C5280-1774-4450-A408-74B091B3E190}"
EndProject
Project("{FAE04EC0-301F-11D3-BF4B-00C04F79EFBC}") = "10.RemoveNegativesAndReverse", "10.RemoveNegativesAndReverse\10.RemoveNegativesAndReverse.csproj", "{D0D2BA74-851D-4998-BEEC-F06A6BFF8B10}"
EndProject
Project("{FAE04EC0-301F-11D3-BF4B-00C04F79EFBC}") = "11.SumAdjacentEqualNumbers", "11.SumAdjacentEqualNumbers\11.SumAdjacentEqualNumbers.csproj", "{D9DF5E9E-CB7C-42DB-9904-78FAB7B6EAB5}"
EndProject
Global
	GlobalSection(SolutionConfigurationPlatforms) = preSolution
		Debug|Any CPU = Debug|Any CPU
		Release|Any CPU = Release|Any CPU
	EndGlobalSection
	GlobalSection(ProjectConfigurationPlatforms) = postSolution
		{E5CF31AE-2305-4E54-BC78-CE848C5DB177}.Debug|Any CPU.ActiveCfg = Debug|Any CPU
		{E5CF31AE-2305-4E54-BC78-CE848C5DB177}.Debug|Any CPU.Build.0 = Debug|Any CPU
		{E5CF31AE-2305-4E54-BC78-CE848C5DB177}.Release|Any CPU.ActiveCfg = Release|Any CPU
		{E5CF31AE-2305-4E54-BC78-CE848C5DB177}.Release|Any CPU.Build.0 = Release|Any CPU
		{9DD209A5-C5F5-44CD-A936-93B133D436B4}.Debug|Any CPU.ActiveCfg = Debug|Any CPU
		{9DD209A5-C5F5-44CD-A936-93B133D436B4}.Debug|Any CPU.Build.0 = Debug|Any CPU
		{9DD209A5-C5F5-44CD-A936-93B133D436B4}.Release|Any CPU.ActiveCfg = Release|Any CPU
		{9DD209A5-C5F5-44CD-A936-93B133D436B4}.Release|Any CPU.Build.0 = Release|Any CPU
		{EE9D66C9-444D-49B7-B324-712CEFBFDE02}.Debug|Any CPU.ActiveCfg = Debug|Any CPU
		{EE9D66C9-444D-49B7-B324-712CEFBFDE02}.Debug|Any CPU.Build.0 = Debug|Any CPU
		{EE9D66C9-444D-49B7-B324-712CEFBFDE02}.Release|Any CPU.ActiveCfg = Release|Any CPU
		{EE9D66C9-444D-49B7-B324-712CEFBFDE02}.Release|Any CPU.Build.0 = Release|Any CPU
		{A1277EAC-9C51-41BA-B74B-6B32D9AFEA52}.Debug|Any CPU.ActiveCfg = Debug|Any CPU
		{A1277EAC-9C51-41BA-B74B-6B32D9AFEA52}.Debug|Any CPU.Build.0 = Debug|Any CPU
		{A1277EAC-9C51-41BA-B74B-6B32D9AFEA52}.Release|Any CPU.ActiveCfg = Release|Any CPU
		{A1277EAC-9C51-41BA-B74B-6B32D9AFEA52}.Release|Any CPU.Build.0 = Release|Any CPU
		{7D1DE8AF-5313-456D-8562-9B360990BC8C}.Debug|Any CPU.ActiveCfg = Debug|Any CPU
		{7D1DE8AF-5313-456D-8562-9B360990BC8C}.Debug|Any CPU.Build.0 = Debug|Any CPU
		{7D1DE8AF-5313-456D-8562-9B360990BC8C}.Release|Any CPU.ActiveCfg = Release|Any CPU
		{7D1DE8AF-5313-456D-8562-9B360990BC8C}.Release|Any CPU.Build.0 = Release|Any CPU
		{6AFE1B92-F0D3-44D2-818B-AD2585AD339D}.Debug|Any CPU.ActiveCfg = Debug|Any CPU
		{6AFE1B92-F0D3-44D2-818B-AD2585AD339D}.Debug|Any CPU.Build.0 = Debug|Any CPU
		{6AFE1B92-F0D3-44D2-818B-AD2585AD339D}.Release|Any CPU.ActiveCfg = Release|Any CPU
		{6AFE1B92-F0D3-44D2-818B-AD2585AD339D}.Release|Any CPU.Build.0 = Release|Any CPU
		{6425A8C1-5702-428D-B7B2-42FEBEAA2B5D}.Debug|Any CPU.ActiveCfg = Debug|Any CPU
		{6425A8C1-5702-428D-B7B2-42FEBEAA2B5D}.Debug|Any CPU.Build.0 = Debug|Any CPU
		{6425A8C1-5702-428D-B7B2-42FEBEAA2B5D}.Release|Any CPU.ActiveCfg = Release|Any CPU
		{6425A8C1-5702-428D-B7B2-42FEBEAA2B5D}.Release|Any CPU.Build.0 = Release|Any CPU
		{D2218017-DBB1-42F7-99E1-01BB7EADA70F}.Debug|Any CPU.ActiveCfg = Debug|Any CPU
		{D2218017-DBB1-42F7-99E1-01BB7EADA70F}.Debug|Any CPU.Build.0 = Debug|Any CPU
		{D2218017-DBB1-42F7-99E1-01BB7EADA70F}.Release|Any CPU.ActiveCfg = Release|Any CPU
		{D2218017-DBB1-42F7-99E1-01BB7EADA70F}.Release|Any CPU.Build.0 = Release|Any CPU
		{B43C5280-1774-4450-A408-74B091B3E190}.Debug|Any CPU.ActiveCfg = Debug|Any CPU
		{B43C5280-1774-4450-A408-74B091B3E190}.Debug|Any CPU.Build.0 = Debug|Any CPU
		{B43C5280-1774-4450-A408-74B091B3E190}.Release|Any CPU.ActiveCfg = Release|Any CPU
		{B43C5280-1774-4450-A408-74B091B3E190}.Release|Any CPU.Build.0 = Release|Any CPU
		{D0D2BA74-851D-4998-BEEC-F06A6BFF8B10}.Debug|Any CPU.ActiveCfg = Debug|Any CPU
		{D0D2BA74-851D-4998-BEEC-F06A6BFF8B10}.Debug|Any CPU.Build.0 = Debug|Any CPU
		{D0D2BA74-851D-4998-BEEC-F06A6BFF8B10}.Release|Any CPU.ActiveCfg = Release|Any CPU
		{D0D2BA74-851D-4998-BEEC-F06A6BFF8B10}.Release|Any CPU.Build.0 = Release|Any CPU
		{D9DF5E9E-CB7C-42DB-9904-78FAB7B6EAB5}.Debug|Any CPU.ActiveCfg = Debug|Any CPU
		{D9DF5E9E-CB7C-42DB-9904-78FAB7B6EAB5}.Debug|Any CPU.Build.0 = Debug|Any CPU
		{D9DF5E9E-CB7C-42DB-9904-78FAB7B6EAB5}.Release|Any CPU.ActiveCfg = Release|Any CPU
		{D9DF5E9E-CB7C-42DB-9904-78FAB7B6EAB5}.Release|Any CPU.Build.0 = Release|Any CPU
	EndGlobalSection
	GlobalSection(SolutionProperties) = preSolution
		HideSolutionNode = FALSE
	EndGlobalSection
EndGlobal
